// !$*UTF8*$!
{
	archiveVersion = 1;
	classes = {
	};
	objectVersion = 46;
	objects = {

/* Begin PBXBuildFile section */
		A1B9BF5821E476AF003842A2 /* YouMiSDKStatic.a in Frameworks */ = {isa = PBXBuildFile; fileRef = A1B9BF5721E476AF003842A2 /* YouMiSDKStatic.a */; };
		A1B9BF5B21E47740003842A2 /* CoreMotion.framework in Frameworks */ = {isa = PBXBuildFile; fileRef = A1B9BF5A21E47740003842A2 /* CoreMotion.framework */; };
		A1B9BF5D21E47752003842A2 /* StoreKit.framework in Frameworks */ = {isa = PBXBuildFile; fileRef = A1B9BF5C21E47752003842A2 /* StoreKit.framework */; };
		A1B9BF5F21E4775C003842A2 /* Security.framework in Frameworks */ = {isa = PBXBuildFile; fileRef = A1B9BF5E21E4775C003842A2 /* Security.framework */; };
		A1B9BF6121E47764003842A2 /* CFNetwork.framework in Frameworks */ = {isa = PBXBuildFile; fileRef = A1B9BF6021E47764003842A2 /* CFNetwork.framework */; };
		A1B9BF6321E4776E003842A2 /* SystemConfiguration.framework in Frameworks */ = {isa = PBXBuildFile; fileRef = A1B9BF6221E4776E003842A2 /* SystemConfiguration.framework */; };
		A1B9BF6521E4777E003842A2 /* CoreGraphics.framework in Frameworks */ = {isa = PBXBuildFile; fileRef = A1B9BF6421E4777E003842A2 /* CoreGraphics.framework */; };
		A1B9BF6721E47787003842A2 /* UIKit.framework in Frameworks */ = {isa = PBXBuildFile; fileRef = A1B9BF6621E47787003842A2 /* UIKit.framework */; };
		A1B9BF6921E47792003842A2 /* Foundation.framework in Frameworks */ = {isa = PBXBuildFile; fileRef = A1B9BF6821E47792003842A2 /* Foundation.framework */; };
		A1B9BF6B21E47D33003842A2 /* libicucore.tbd in Frameworks */ = {isa = PBXBuildFile; fileRef = A1B9BF6A21E47D33003842A2 /* libicucore.tbd */; };
		A1B9BF6D21E47D50003842A2 /* libz.tbd in Frameworks */ = {isa = PBXBuildFile; fileRef = A1B9BF6C21E47D50003842A2 /* libz.tbd */; };
		A1B9BF6F21E47D5C003842A2 /* libsqlite3.tbd in Frameworks */ = {isa = PBXBuildFile; fileRef = A1B9BF6E21E47D5C003842A2 /* libsqlite3.tbd */; };
		A1B9BF7121E4878D003842A2 /* AdSupport.framework in Frameworks */ = {isa = PBXBuildFile; fileRef = A1B9BF7021E4878D003842A2 /* AdSupport.framework */; };
		B3E7B58A1CC2AC0600A0062D /* RNThreerice.m in Sources */ = {isa = PBXBuildFile; fileRef = B3E7B5891CC2AC0600A0062D /* RNThreerice.m */; };
/* End PBXBuildFile section */

/* Begin PBXCopyFilesBuildPhase section */
		58B511D91A9E6C8500147676 /* CopyFiles */ = {
			isa = PBXCopyFilesBuildPhase;
			buildActionMask = 2147483647;
			dstPath = "include/$(PRODUCT_NAME)";
			dstSubfolderSpec = 16;
			files = (
			);
			runOnlyForDeploymentPostprocessing = 0;
		};
/* End PBXCopyFilesBuildPhase section */

/* Begin PBXFileReference section */
		134814201AA4EA6300B7C361 /* libRNThreerice.a */ = {isa = PBXFileReference; explicitFileType = archive.ar; includeInIndex = 0; path = libRNThreerice.a; sourceTree = BUILT_PRODUCTS_DIR; };
		A1B9BF5421E476AF003842A2 /* UMWSDK.h */ = {isa = PBXFileReference; fileEncoding = 4; lastKnownFileType = sourcecode.c.h; path = UMWSDK.h; sourceTree = "<group>"; };
		A1B9BF5521E476AF003842A2 /* UMWSourceData.h */ = {isa = PBXFileReference; fileEncoding = 4; lastKnownFileType = sourcecode.c.h; path = UMWSourceData.h; sourceTree = "<group>"; };
		A1B9BF5621E476AF003842A2 /* publicconfuse.h */ = {isa = PBXFileReference; fileEncoding = 4; lastKnownFileType = sourcecode.c.h; path = publicconfuse.h; sourceTree = "<group>"; };
		A1B9BF5721E476AF003842A2 /* YouMiSDKStatic.a */ = {isa = PBXFileReference; lastKnownFileType = archive.ar; path = YouMiSDKStatic.a; sourceTree = "<group>"; };
		A1B9BF5A21E47740003842A2 /* CoreMotion.framework */ = {isa = PBXFileReference; lastKnownFileType = wrapper.framework; name = CoreMotion.framework; path = System/Library/Frameworks/CoreMotion.framework; sourceTree = SDKROOT; };
		A1B9BF5C21E47752003842A2 /* StoreKit.framework */ = {isa = PBXFileReference; lastKnownFileType = wrapper.framework; name = StoreKit.framework; path = System/Library/Frameworks/StoreKit.framework; sourceTree = SDKROOT; };
		A1B9BF5E21E4775C003842A2 /* Security.framework */ = {isa = PBXFileReference; lastKnownFileType = wrapper.framework; name = Security.framework; path = System/Library/Frameworks/Security.framework; sourceTree = SDKROOT; };
		A1B9BF6021E47764003842A2 /* CFNetwork.framework */ = {isa = PBXFileReference; lastKnownFileType = wrapper.framework; name = CFNetwork.framework; path = System/Library/Frameworks/CFNetwork.framework; sourceTree = SDKROOT; };
		A1B9BF6221E4776E003842A2 /* SystemConfiguration.framework */ = {isa = PBXFileReference; lastKnownFileType = wrapper.framework; name = SystemConfiguration.framework; path = System/Library/Frameworks/SystemConfiguration.framework; sourceTree = SDKROOT; };
		A1B9BF6421E4777E003842A2 /* CoreGraphics.framework */ = {isa = PBXFileReference; lastKnownFileType = wrapper.framework; name = CoreGraphics.framework; path = System/Library/Frameworks/CoreGraphics.framework; sourceTree = SDKROOT; };
		A1B9BF6621E47787003842A2 /* UIKit.framework */ = {isa = PBXFileReference; lastKnownFileType = wrapper.framework; name = UIKit.framework; path = System/Library/Frameworks/UIKit.framework; sourceTree = SDKROOT; };
		A1B9BF6821E47792003842A2 /* Foundation.framework */ = {isa = PBXFileReference; lastKnownFileType = wrapper.framework; name = Foundation.framework; path = System/Library/Frameworks/Foundation.framework; sourceTree = SDKROOT; };
		A1B9BF6A21E47D33003842A2 /* libicucore.tbd */ = {isa = PBXFileReference; lastKnownFileType = "sourcecode.text-based-dylib-definition"; name = libicucore.tbd; path = usr/lib/libicucore.tbd; sourceTree = SDKROOT; };
		A1B9BF6C21E47D50003842A2 /* libz.tbd */ = {isa = PBXFileReference; lastKnownFileType = "sourcecode.text-based-dylib-definition"; name = libz.tbd; path = usr/lib/libz.tbd; sourceTree = SDKROOT; };
		A1B9BF6E21E47D5C003842A2 /* libsqlite3.tbd */ = {isa = PBXFileReference; lastKnownFileType = "sourcecode.text-based-dylib-definition"; name = libsqlite3.tbd; path = usr/lib/libsqlite3.tbd; sourceTree = SDKROOT; };
		A1B9BF7021E4878D003842A2 /* AdSupport.framework */ = {isa = PBXFileReference; lastKnownFileType = wrapper.framework; name = AdSupport.framework; path = System/Library/Frameworks/AdSupport.framework; sourceTree = SDKROOT; };
		B3E7B5881CC2AC0600A0062D /* RNThreerice.h */ = {isa = PBXFileReference; fileEncoding = 4; lastKnownFileType = sourcecode.c.h; path = RNThreerice.h; sourceTree = "<group>"; };
		B3E7B5891CC2AC0600A0062D /* RNThreerice.m */ = {isa = PBXFileReference; fileEncoding = 4; lastKnownFileType = sourcecode.c.objc; path = RNThreerice.m; sourceTree = "<group>"; };
/* End PBXFileReference section */

/* Begin PBXFrameworksBuildPhase section */
		58B511D81A9E6C8500147676 /* Frameworks */ = {
			isa = PBXFrameworksBuildPhase;
			buildActionMask = 2147483647;
			files = (
				A1B9BF7121E4878D003842A2 /* AdSupport.framework in Frameworks */,
				A1B9BF6F21E47D5C003842A2 /* libsqlite3.tbd in Frameworks */,
				A1B9BF6D21E47D50003842A2 /* libz.tbd in Frameworks */,
				A1B9BF6B21E47D33003842A2 /* libicucore.tbd in Frameworks */,
				A1B9BF6921E47792003842A2 /* Foundation.framework in Frameworks */,
				A1B9BF6721E47787003842A2 /* UIKit.framework in Frameworks */,
				A1B9BF6521E4777E003842A2 /* CoreGraphics.framework in Frameworks */,
				A1B9BF6321E4776E003842A2 /* SystemConfiguration.framework in Frameworks */,
				A1B9BF6121E47764003842A2 /* CFNetwork.framework in Frameworks */,
				A1B9BF5F21E4775C003842A2 /* Security.framework in Frameworks */,
				A1B9BF5D21E47752003842A2 /* StoreKit.framework in Frameworks */,
				A1B9BF5B21E47740003842A2 /* CoreMotion.framework in Frameworks */,
				A1B9BF5821E476AF003842A2 /* YouMiSDKStatic.a in Frameworks */,
			);
			runOnlyForDeploymentPostprocessing = 0;
		};
/* End PBXFrameworksBuildPhase section */

/* Begin PBXGroup section */
		134814211AA4EA7D00B7C361 /* Products */ = {
			isa = PBXGroup;
			children = (
				134814201AA4EA6300B7C361 /* libRNThreerice.a */,
			);
			name = Products;
			sourceTree = "<group>";
		};
		58B511D21A9E6C8500147676 = {
			isa = PBXGroup;
			children = (
				A1B9BF5221E476AF003842A2 /* lib */,
				B3E7B5881CC2AC0600A0062D /* RNThreerice.h */,
				B3E7B5891CC2AC0600A0062D /* RNThreerice.m */,
				134814211AA4EA7D00B7C361 /* Products */,
				A1B9BF5921E47740003842A2 /* Frameworks */,
			);
			sourceTree = "<group>";
		};
		A1B9BF5221E476AF003842A2 /* lib */ = {
			isa = PBXGroup;
			children = (
				A1B9BF5321E476AF003842A2 /* include */,
				A1B9BF5621E476AF003842A2 /* publicconfuse.h */,
				A1B9BF5721E476AF003842A2 /* YouMiSDKStatic.a */,
			);
			path = lib;
			sourceTree = "<group>";
		};
		A1B9BF5321E476AF003842A2 /* include */ = {
			isa = PBXGroup;
			children = (
				A1B9BF5421E476AF003842A2 /* UMWSDK.h */,
				A1B9BF5521E476AF003842A2 /* UMWSourceData.h */,
			);
			path = include;
			sourceTree = "<group>";
		};
		A1B9BF5921E47740003842A2 /* Frameworks */ = {
			isa = PBXGroup;
			children = (
				A1B9BF7021E4878D003842A2 /* AdSupport.framework */,
				A1B9BF6E21E47D5C003842A2 /* libsqlite3.tbd */,
				A1B9BF6C21E47D50003842A2 /* libz.tbd */,
				A1B9BF6A21E47D33003842A2 /* libicucore.tbd */,
				A1B9BF6821E47792003842A2 /* Foundation.framework */,
				A1B9BF6621E47787003842A2 /* UIKit.framework */,
				A1B9BF6421E4777E003842A2 /* CoreGraphics.framework */,
				A1B9BF6221E4776E003842A2 /* SystemConfiguration.framework */,
				A1B9BF6021E47764003842A2 /* CFNetwork.framework */,
				A1B9BF5E21E4775C003842A2 /* Security.framework */,
				A1B9BF5C21E47752003842A2 /* StoreKit.framework */,
				A1B9BF5A21E47740003842A2 /* CoreMotion.framework */,
			);
			name = Frameworks;
			sourceTree = "<group>";
		};
/* End PBXGroup section */

/* Begin PBXNativeTarget section */
		58B511DA1A9E6C8500147676 /* RNThreerice */ = {
			isa = PBXNativeTarget;
			buildConfigurationList = 58B511EF1A9E6C8500147676 /* Build configuration list for PBXNativeTarget "RNThreerice" */;
			buildPhases = (
				58B511D71A9E6C8500147676 /* Sources */,
				58B511D81A9E6C8500147676 /* Frameworks */,
				58B511D91A9E6C8500147676 /* CopyFiles */,
			);
			buildRules = (
			);
			dependencies = (
			);
			name = RNThreerice;
			productName = RCTDataManager;
			productReference = 134814201AA4EA6300B7C361 /* libRNThreerice.a */;
			productType = "com.apple.product-type.library.static";
		};
/* End PBXNativeTarget section */

/* Begin PBXProject section */
		58B511D31A9E6C8500147676 /* Project object */ = {
			isa = PBXProject;
			attributes = {
				LastUpgradeCheck = 0830;
				ORGANIZATIONNAME = Facebook;
				TargetAttributes = {
					58B511DA1A9E6C8500147676 = {
						CreatedOnToolsVersion = 6.1.1;
					};
				};
			};
			buildConfigurationList = 58B511D61A9E6C8500147676 /* Build configuration list for PBXProject "RNThreerice" */;
			compatibilityVersion = "Xcode 3.2";
			developmentRegion = English;
			hasScannedForEncodings = 0;
			knownRegions = (
				en,
			);
			mainGroup = 58B511D21A9E6C8500147676;
			productRefGroup = 58B511D21A9E6C8500147676;
			projectDirPath = "";
			projectRoot = "";
			targets = (
				58B511DA1A9E6C8500147676 /* RNThreerice */,
			);
		};
/* End PBXProject section */

/* Begin PBXSourcesBuildPhase section */
		58B511D71A9E6C8500147676 /* Sources */ = {
			isa = PBXSourcesBuildPhase;
			buildActionMask = 2147483647;
			files = (
				B3E7B58A1CC2AC0600A0062D /* RNThreerice.m in Sources */,
			);
			runOnlyForDeploymentPostprocessing = 0;
		};
/* End PBXSourcesBuildPhase section */

/* Begin XCBuildConfiguration section */
		58B511ED1A9E6C8500147676 /* Debug */ = {
			isa = XCBuildConfiguration;
			buildSettings = {
				ALWAYS_SEARCH_USER_PATHS = NO;
				CLANG_CXX_LANGUAGE_STANDARD = "gnu++0x";
				CLANG_CXX_LIBRARY = "libc++";
				CLANG_ENABLE_MODULES = YES;
				CLANG_ENABLE_OBJC_ARC = YES;
				CLANG_WARN_BOOL_CONVERSION = YES;
				CLANG_WARN_CONSTANT_CONVERSION = YES;
				CLANG_WARN_DIRECT_OBJC_ISA_USAGE = YES_ERROR;
				CLANG_WARN_EMPTY_BODY = YES;
				CLANG_WARN_ENUM_CONVERSION = YES;
				CLANG_WARN_INFINITE_RECURSION = YES;
				CLANG_WARN_INT_CONVERSION = YES;
				CLANG_WARN_OBJC_ROOT_CLASS = YES_ERROR;
				CLANG_WARN_SUSPICIOUS_MOVE = YES;
				CLANG_WARN_UNREACHABLE_CODE = YES;
				CLANG_WARN__DUPLICATE_METHOD_MATCH = YES;
				COPY_PHASE_STRIP = NO;
				ENABLE_STRICT_OBJC_MSGSEND = YES;
				ENABLE_TESTABILITY = YES;
				GCC_C_LANGUAGE_STANDARD = gnu99;
				GCC_DYNAMIC_NO_PIC = NO;
				GCC_NO_COMMON_BLOCKS = YES;
				GCC_OPTIMIZATION_LEVEL = 0;
				GCC_PREPROCESSOR_DEFINITIONS = (
					"DEBUG=1",
					"$(inherited)",
				);
				GCC_SYMBOLS_PRIVATE_EXTERN = NO;
				GCC_WARN_64_TO_32_BIT_CONVERSION = YES;
				GCC_WARN_ABOUT_RETURN_TYPE = YES_ERROR;
				GCC_WARN_UNDECLARED_SELECTOR = YES;
				GCC_WARN_UNINITIALIZED_AUTOS = YES_AGGRESSIVE;
				GCC_WARN_UNUSED_FUNCTION = YES;
				GCC_WARN_UNUSED_VARIABLE = YES;
				IPHONEOS_DEPLOYMENT_TARGET = 8.0;
				MTL_ENABLE_DEBUG_INFO = YES;
				ONLY_ACTIVE_ARCH = YES;
				SDKROOT = iphoneos;
			};
			name = Debug;
		};
		58B511EE1A9E6C8500147676 /* Release */ = {
			isa = XCBuildConfiguration;
			buildSettings = {
				ALWAYS_SEARCH_USER_PATHS = NO;
				CLANG_CXX_LANGUAGE_STANDARD = "gnu++0x";
				CLANG_CXX_LIBRARY = "libc++";
				CLANG_ENABLE_MODULES = YES;
				CLANG_ENABLE_OBJC_ARC = YES;
				CLANG_WARN_BOOL_CONVERSION = YES;
				CLANG_WARN_CONSTANT_CONVERSION = YES;
				CLANG_WARN_DIRECT_OBJC_ISA_USAGE = YES_ERROR;
				CLANG_WARN_EMPTY_BODY = YES;
				CLANG_WARN_ENUM_CONVERSION = YES;
				CLANG_WARN_INFINITE_RECURSION = YES;
				CLANG_WARN_INT_CONVERSION = YES;
				CLANG_WARN_OBJC_ROOT_CLASS = YES_ERROR;
				CLANG_WARN_SUSPICIOUS_MOVE = YES;
				CLANG_WARN_UNREACHABLE_CODE = YES;
				CLANG_WARN__DUPLICATE_METHOD_MATCH = YES;
				COPY_PHASE_STRIP = YES;
				ENABLE_NS_ASSERTIONS = NO;
				ENABLE_STRICT_OBJC_MSGSEND = YES;
				GCC_C_LANGUAGE_STANDARD = gnu99;
				GCC_NO_COMMON_BLOCKS = YES;
				GCC_WARN_64_TO_32_BIT_CONVERSION = YES;
				GCC_WARN_ABOUT_RETURN_TYPE = YES_ERROR;
				GCC_WARN_UNDECLARED_SELECTOR = YES;
				GCC_WARN_UNINITIALIZED_AUTOS = YES_AGGRESSIVE;
				GCC_WARN_UNUSED_FUNCTION = YES;
				GCC_WARN_UNUSED_VARIABLE = YES;
				IPHONEOS_DEPLOYMENT_TARGET = 8.0;
				MTL_ENABLE_DEBUG_INFO = NO;
				SDKROOT = iphoneos;
				VALIDATE_PRODUCT = YES;
			};
			name = Release;
		};
		58B511F01A9E6C8500147676 /* Debug */ = {
			isa = XCBuildConfiguration;
			buildSettings = {
				HEADER_SEARCH_PATHS = (
					"$(inherited)",
					/Applications/Xcode.app/Contents/Developer/Toolchains/XcodeDefault.xctoolchain/usr/include,
					"$(SRCROOT)/../../../React/**",
					"$(SRCROOT)/../../react-native/React/**",
				);
				LIBRARY_SEARCH_PATHS = (
					"$(inherited)",
					"$(PROJECT_DIR)/lib",
				);
				OTHER_LDFLAGS = "-ObjC";
				PRODUCT_NAME = RNThreerice;
				SKIP_INSTALL = YES;
			};
			name = Debug;
		};
		58B511F11A9E6C8500147676 /* Release */ = {
			isa = XCBuildConfiguration;
			buildSettings = {
				HEADER_SEARCH_PATHS = (
					"$(inherited)",
					/Applications/Xcode.app/Contents/Developer/Toolchains/XcodeDefault.xctoolchain/usr/include,
					"$(SRCROOT)/../../../React/**",
					"$(SRCROOT)/../../react-native/React/**",
				);
				LIBRARY_SEARCH_PATHS = (
					"$(inherited)",
					"$(PROJECT_DIR)/lib",
				);
				OTHER_LDFLAGS = "-ObjC";
				PRODUCT_NAME = RNThreerice;
				SKIP_INSTALL = YES;
			};
			name = Release;
		};
/* End XCBuildConfiguration section */

/* Begin XCConfigurationList section */
		58B511D61A9E6C8500147676 /* Build configuration list for PBXProject "RNThreerice" */ = {
			isa = XCConfigurationList;
			buildConfigurations = (
				58B511ED1A9E6C8500147676 /* Debug */,
				58B511EE1A9E6C8500147676 /* Release */,
			);
			defaultConfigurationIsVisible = 0;
			defaultConfigurationName = Release;
		};
		58B511EF1A9E6C8500147676 /* Build configuration list for PBXNativeTarget "RNThreerice" */ = {
			isa = XCConfigurationList;
			buildConfigurations = (
				58B511F01A9E6C8500147676 /* Debug */,
				58B511F11A9E6C8500147676 /* Release */,
			);
			defaultConfigurationIsVisible = 0;
			defaultConfigurationName = Release;
		};
/* End XCConfigurationList section */
	};
	rootObject = 58B511D31A9E6C8500147676 /* Project object */;
}
